{
    "hash": "88c11e9b5fb61b68d1e60e6a9e3b6763",
    "packages": [
        {
            "package": "metasyntactical/io",
            "version": "1.0.0"
        },
        {
            "package": "metasyntactical/mime",
            "version": "1.0.0"
        },
        {
            "package": "symfony/http-foundation",
            "version": "2.1.x-dev",
            "source-reference": "v2.1.0",
            "commit-date": "1346761482"
        }
    ],
    "packages-dev": null,
    "aliases": [

    ],
    "minimum-stability": "dev",
    "stability-flags": [

    ]
}
